
Microsoft Visual Studio Solution File, Format Version 12.00
# Visual Studio Version 17
VisualStudioVersion = 17.2.32505.173
MinimumVisualStudioVersion = 10.0.40219.1
Project("{FAE04EC0-301F-11D3-BF4B-00C04F79EFBC}") = "Domain", "Domain\Domain.csproj", "{5922F843-F293-4FA6-BE12-C54E29799815}"
EndProject
Project("{FAE04EC0-301F-11D3-BF4B-00C04F79EFBC}") = "Infrastructure", "Infrastructure\Infrastructure.csproj", "{9E591F13-E4FD-4A92-9766-F71E7B1C06BA}"
EndProject
Project("{FAE04EC0-301F-11D3-BF4B-00C04F79EFBC}") = "Application", "Application\Application.csproj", "{72E28BB2-AB85-427E-96CF-567D07281E6F}"
EndProject
Project("{2150E333-8FDC-42A3-9474-1A3956D46DE8}") = "Testing", "Testing", "{B527B9E2-D974-4A6C-946F-3AB0D1E875ED}"
EndProject
Project("{FAE04EC0-301F-11D3-BF4B-00C04F79EFBC}") = "Domain.UnitTests", "Testing\Domain.UnitTests\Domain.UnitTests.csproj", "{E106896B-7F1B-4F54-AD1A-AC926BC2DFAD}"
EndProject
Global
	GlobalSection(SolutionConfigurationPlatforms) = preSolution
		Debug|Any CPU = Debug|Any CPU
		Release|Any CPU = Release|Any CPU
	EndGlobalSection
	GlobalSection(ProjectConfigurationPlatforms) = postSolution
		{5922F843-F293-4FA6-BE12-C54E29799815}.Debug|Any CPU.ActiveCfg = Debug|Any CPU
		{5922F843-F293-4FA6-BE12-C54E29799815}.Debug|Any CPU.Build.0 = Debug|Any CPU
		{5922F843-F293-4FA6-BE12-C54E29799815}.Release|Any CPU.ActiveCfg = Release|Any CPU
		{5922F843-F293-4FA6-BE12-C54E29799815}.Release|Any CPU.Build.0 = Release|Any CPU
		{9E591F13-E4FD-4A92-9766-F71E7B1C06BA}.Debug|Any CPU.ActiveCfg = Debug|Any CPU
		{9E591F13-E4FD-4A92-9766-F71E7B1C06BA}.Debug|Any CPU.Build.0 = Debug|Any CPU
		{9E591F13-E4FD-4A92-9766-F71E7B1C06BA}.Release|Any CPU.ActiveCfg = Release|Any CPU
		{9E591F13-E4FD-4A92-9766-F71E7B1C06BA}.Release|Any CPU.Build.0 = Release|Any CPU
		{72E28BB2-AB85-427E-96CF-567D07281E6F}.Debug|Any CPU.ActiveCfg = Debug|Any CPU
		{72E28BB2-AB85-427E-96CF-567D07281E6F}.Debug|Any CPU.Build.0 = Debug|Any CPU
		{72E28BB2-AB85-427E-96CF-567D07281E6F}.Release|Any CPU.ActiveCfg = Release|Any CPU
		{72E28BB2-AB85-427E-96CF-567D07281E6F}.Release|Any CPU.Build.0 = Release|Any CPU
		{E106896B-7F1B-4F54-AD1A-AC926BC2DFAD}.Debug|Any CPU.ActiveCfg = Debug|Any CPU
		{E106896B-7F1B-4F54-AD1A-AC926BC2DFAD}.Debug|Any CPU.Build.0 = Debug|Any CPU
		{E106896B-7F1B-4F54-AD1A-AC926BC2DFAD}.Release|Any CPU.ActiveCfg = Release|Any CPU
		{E106896B-7F1B-4F54-AD1A-AC926BC2DFAD}.Release|Any CPU.Build.0 = Release|Any CPU
	EndGlobalSection
	GlobalSection(SolutionProperties) = preSolution
		HideSolutionNode = FALSE
	EndGlobalSection
	GlobalSection(ExtensibilityGlobals) = postSolution
		SolutionGuid = {64BE4714-4BBD-4808-B378-0CFF5302AC6B}
	EndGlobalSection
	GlobalSection(NestedProjects) = preSolution
		{E106896B-7F1B-4F54-AD1A-AC926BC2DFAD} = {B527B9E2-D974-4A6C-946F-3AB0D1E875ED}
	EndGlobalSection
EndGlobal
